{
  "requires": true,
  "lockfileVersion": 1,
  "dependencies": {
    "tinytyper": {
      "version": "0.1.0",
      "resolved": "https://registry.npmjs.org/tinytyper/-/tinytyper-0.1.0.tgz",
      "integrity": "sha1-JMUaAfiKUE7y7wfvEeclj8dMl1s="
    },
    "vue-tinytyper": {
      "version": "1.0.0",
      "resolved": "https://registry.npmjs.org/vue-tinytyper/-/vue-tinytyper-1.0.0.tgz",
      "integrity": "sha512-8xtT7Wiq2/NNzeg7sRw1JToJu107yI1nOnv03HRB7oeQfKmvRZW3Nt1a3Kkk1B23p+ZmP8poEGHTKW0ylvnU5A=="
    }
  }
}
